
Microsoft Visual Studio Solution File, Format Version 12.00
# Visual Studio 2012
Project("{FAE04EC0-301F-11D3-BF4B-00C04F79EFBC}") = "BoligScraper", "BoligScraper\BoligScraper.csproj", "{DE08F383-893F-460D-93FD-CA68D5C85E35}"
EndProject
Project("{FAE04EC0-301F-11D3-BF4B-00C04F79EFBC}") = "BoligScraper.Tests", "BoligScraper.Tests\BoligScraper.Tests.csproj", "{6729E286-49CF-4256-9FA7-588EAE50300D}"
EndProject
Project("{2150E333-8FDC-42A3-9474-1A3956D46DE8}") = ".nuget", ".nuget", "{A0333478-D3A7-452E-8541-C61130022733}"
	ProjectSection(SolutionItems) = preProject
		.nuget\NuGet.Config = .nuget\NuGet.Config
		.nuget\NuGet.exe = .nuget\NuGet.exe
		.nuget\NuGet.targets = .nuget\NuGet.targets
	EndProjectSection
EndProject
Project("{FAE04EC0-301F-11D3-BF4B-00C04F79EFBC}") = "BoligScraper.Job", "BoligScraper.Job\BoligScraper.Job.csproj", "{BE51D3A4-D421-4443-AE54-361CDD8588B5}"
EndProject
Global
	GlobalSection(SolutionConfigurationPlatforms) = preSolution
		Debug|Any CPU = Debug|Any CPU
		Release|Any CPU = Release|Any CPU
	EndGlobalSection
	GlobalSection(ProjectConfigurationPlatforms) = postSolution
		{DE08F383-893F-460D-93FD-CA68D5C85E35}.Debug|Any CPU.ActiveCfg = Debug|Any CPU
		{DE08F383-893F-460D-93FD-CA68D5C85E35}.Debug|Any CPU.Build.0 = Debug|Any CPU
		{DE08F383-893F-460D-93FD-CA68D5C85E35}.Release|Any CPU.ActiveCfg = Release|Any CPU
		{DE08F383-893F-460D-93FD-CA68D5C85E35}.Release|Any CPU.Build.0 = Release|Any CPU
		{6729E286-49CF-4256-9FA7-588EAE50300D}.Debug|Any CPU.ActiveCfg = Debug|Any CPU
		{6729E286-49CF-4256-9FA7-588EAE50300D}.Debug|Any CPU.Build.0 = Debug|Any CPU
		{6729E286-49CF-4256-9FA7-588EAE50300D}.Release|Any CPU.ActiveCfg = Release|Any CPU
		{6729E286-49CF-4256-9FA7-588EAE50300D}.Release|Any CPU.Build.0 = Release|Any CPU
		{BE51D3A4-D421-4443-AE54-361CDD8588B5}.Debug|Any CPU.ActiveCfg = Debug|Any CPU
		{BE51D3A4-D421-4443-AE54-361CDD8588B5}.Debug|Any CPU.Build.0 = Debug|Any CPU
		{BE51D3A4-D421-4443-AE54-361CDD8588B5}.Release|Any CPU.ActiveCfg = Release|Any CPU
		{BE51D3A4-D421-4443-AE54-361CDD8588B5}.Release|Any CPU.Build.0 = Release|Any CPU
	EndGlobalSection
	GlobalSection(SolutionProperties) = preSolution
		HideSolutionNode = FALSE
	EndGlobalSection
EndGlobal
